
Microsoft Visual Studio Solution File, Format Version 12.00
# Visual Studio Version 17
VisualStudioVersion = 17.7.34031.279
MinimumVisualStudioVersion = 10.0.40219.1
Project("{9A19103F-16F7-4668-BE54-9A1E7A4F7556}") = "GraphicsProgram", "GraphicsProgram\GraphicsProgram.csproj", "{9307A682-EAC9-499D-8BE6-F6C9DE839BE9}"
EndProject
Project("{FAE04EC0-301F-11D3-BF4B-00C04F79EFBC}") = "GraphicProgrammingLanguage", "GraphicProgrammingLanguage\GraphicProgrammingLanguage.csproj", "{83148C8F-2301-4E9D-AD3F-4D4C50D9504C}"
EndProject
Project("{2150E333-8FDC-42A3-9474-1A3956D46DE8}") = "Solution Items", "Solution Items", "{82F68AF9-664E-4684-81E3-863749B5CA7F}"
	ProjectSection(SolutionItems) = preProject
		spec.txt = spec.txt
	EndProjectSection
EndProject
Global
	GlobalSection(SolutionConfigurationPlatforms) = preSolution
		Debug|Any CPU = Debug|Any CPU
		Release|Any CPU = Release|Any CPU
	EndGlobalSection
	GlobalSection(ProjectConfigurationPlatforms) = postSolution
		{9307A682-EAC9-499D-8BE6-F6C9DE839BE9}.Debug|Any CPU.ActiveCfg = Debug|Any CPU
		{9307A682-EAC9-499D-8BE6-F6C9DE839BE9}.Debug|Any CPU.Build.0 = Debug|Any CPU
		{9307A682-EAC9-499D-8BE6-F6C9DE839BE9}.Release|Any CPU.ActiveCfg = Release|Any CPU
		{9307A682-EAC9-499D-8BE6-F6C9DE839BE9}.Release|Any CPU.Build.0 = Release|Any CPU
		{83148C8F-2301-4E9D-AD3F-4D4C50D9504C}.Debug|Any CPU.ActiveCfg = Debug|Any CPU
		{83148C8F-2301-4E9D-AD3F-4D4C50D9504C}.Debug|Any CPU.Build.0 = Debug|Any CPU
		{83148C8F-2301-4E9D-AD3F-4D4C50D9504C}.Release|Any CPU.ActiveCfg = Release|Any CPU
		{83148C8F-2301-4E9D-AD3F-4D4C50D9504C}.Release|Any CPU.Build.0 = Release|Any CPU
	EndGlobalSection
	GlobalSection(SolutionProperties) = preSolution
		HideSolutionNode = FALSE
	EndGlobalSection
EndGlobal
